// !$*UTF8*$!
{
	archiveVersion = 1;
	classes = {
	};
	objectVersion = 46;
	objects = {

/* Begin PBXBuildFile section */
		29028C7C141DA49C002053B3 /* Info.plist in Resources */ = {isa = PBXBuildFile; fileRef = 29028C7B141DA49C002053B3 /* Info.plist */; };
		29536CB8141D7ADA0044B730 /* EyeTVAppliance.mm in Sources */ = {isa = PBXBuildFile; fileRef = 29536CB0141D7ADA0044B730 /* EyeTVAppliance.mm */; };
		29536CB9141D7ADA0044B730 /* BRTopShelfView-ProductImage.m in Sources */ = {isa = PBXBuildFile; fileRef = 29536CB3141D7ADA0044B730 /* BRTopShelfView-ProductImage.m */; };
		29536CBB141D7ADA0044B730 /* TopShelfController.m in Sources */ = {isa = PBXBuildFile; fileRef = 29536CB7141D7ADA0044B730 /* TopShelfController.m */; };
		29536CC0141D7CF20044B730 /* CoreGraphics.framework in Frameworks */ = {isa = PBXBuildFile; fileRef = 29536CBF141D7CF20044B730 /* CoreGraphics.framework */; };
		29536CC2141D7CFC0044B730 /* Foundation.framework in Frameworks */ = {isa = PBXBuildFile; fileRef = 29536CC1141D7CFC0044B730 /* Foundation.framework */; };
		29536CC5141D7D0E0044B730 /* OpenGLES.framework in Frameworks */ = {isa = PBXBuildFile; fileRef = 29536CC3141D7D0E0044B730 /* OpenGLES.framework */; };
		29536CC6141D7D0E0044B730 /* QuartzCore.framework in Frameworks */ = {isa = PBXBuildFile; fileRef = 29536CC4141D7D0E0044B730 /* QuartzCore.framework */; };
		29536CCC141D7D610044B730 /* InfoPlist.strings in Resources */ = {isa = PBXBuildFile; fileRef = 29536CC9141D7D610044B730 /* InfoPlist.strings */; };
		29AFDC8A141FEFE400770D4B /* template.fsh in Resources */ = {isa = PBXBuildFile; fileRef = 29AFDC86141FEE5600770D4B /* template.fsh */; };
		29AFDC8B141FEFE400770D4B /* template.vsh in Resources */ = {isa = PBXBuildFile; fileRef = 29AFDC87141FEE5600770D4B /* template.vsh */; };
		5C25493C15934268000AE5CF /* eyetv.png in Resources */ = {isa = PBXBuildFile; fileRef = 5C25493B15934268000AE5CF /* eyetv.png */; };
		5CA5B21215907B9300174E74 /* EyeTvMenu.m in Sources */ = {isa = PBXBuildFile; fileRef = 5CA5B20D15907B9200174E74 /* EyeTvMenu.m */; };
		5CA5B21315907B9300174E74 /* EyeTvVideoAsset.m in Sources */ = {isa = PBXBuildFile; fileRef = 5CA5B20F15907B9200174E74 /* EyeTvVideoAsset.m */; };
		5CA5B238159095D300174E74 /* libsbjson-ios.a in Frameworks */ = {isa = PBXBuildFile; fileRef = 5CA5B2271590953900174E74 /* libsbjson-ios.a */; };
/* End PBXBuildFile section */

/* Begin PBXContainerItemProxy section */
		5CA5B2221590953900174E74 /* PBXContainerItemProxy */ = {
			isa = PBXContainerItemProxy;
			containerPortal = 5CA5B21B1590953900174E74 /* SBJson.xcodeproj */;
			proxyType = 2;
			remoteGlobalIDString = BC12323D1391D5CC00131607;
			remoteInfo = SBJson;
		};
		5CA5B2241590953900174E74 /* PBXContainerItemProxy */ = {
			isa = PBXContainerItemProxy;
			containerPortal = 5CA5B21B1590953900174E74 /* SBJson.xcodeproj */;
			proxyType = 2;
			remoteGlobalIDString = BC1232521391D5CC00131607;
			remoteInfo = SBJsonTests;
		};
		5CA5B2261590953900174E74 /* PBXContainerItemProxy */ = {
			isa = PBXContainerItemProxy;
			containerPortal = 5CA5B21B1590953900174E74 /* SBJson.xcodeproj */;
			proxyType = 2;
			remoteGlobalIDString = BCC2626913920FC7003D9994;
			remoteInfo = "sbjson-ios";
		};
		5CA5B2281590953900174E74 /* PBXContainerItemProxy */ = {
			isa = PBXContainerItemProxy;
			containerPortal = 5CA5B21B1590953900174E74 /* SBJson.xcodeproj */;
			proxyType = 2;
			remoteGlobalIDString = BCC2627313920FC7003D9994;
			remoteInfo = "sbjson-iosTests";
		};
		5CA5B236159095B000174E74 /* PBXContainerItemProxy */ = {
			isa = PBXContainerItemProxy;
			containerPortal = 5CA5B21B1590953900174E74 /* SBJson.xcodeproj */;
			proxyType = 1;
			remoteGlobalIDString = BCC2626813920FC7003D9994;
			remoteInfo = "sbjson-ios";
		};
/* End PBXContainerItemProxy section */

/* Begin PBXFileReference section */
		29028C7B141DA49C002053B3 /* Info.plist */ = {isa = PBXFileReference; fileEncoding = 4; lastKnownFileType = text.plist.xml; path = Info.plist; sourceTree = "<group>"; };
		29536CA1141D79860044B730 /* eyetv4atv.frappliance */ = {isa = PBXFileReference; explicitFileType = wrapper.cfbundle; includeInIndex = 0; path = eyetv4atv.frappliance; sourceTree = BUILT_PRODUCTS_DIR; };
		29536CA9141D79860044B730 /* eyetv4atv-Prefix.pch */ = {isa = PBXFileReference; lastKnownFileType = sourcecode.c.h; path = "eyetv4atv-Prefix.pch"; sourceTree = "<group>"; };
		29536CAE141D7ADA0044B730 /* ApplianceConfig.h */ = {isa = PBXFileReference; fileEncoding = 4; lastKnownFileType = sourcecode.c.h; path = ApplianceConfig.h; sourceTree = "<group>"; };
		29536CAF141D7ADA0044B730 /* EyeTVAppliance.h */ = {isa = PBXFileReference; fileEncoding = 4; lastKnownFileType = sourcecode.c.h; path = EyeTVAppliance.h; sourceTree = "<group>"; };
		29536CB0141D7ADA0044B730 /* EyeTVAppliance.mm */ = {isa = PBXFileReference; fileEncoding = 4; lastKnownFileType = sourcecode.cpp.objcpp; path = EyeTVAppliance.mm; sourceTree = "<group>"; };
		29536CB1141D7ADA0044B730 /* BackRowExtras.h */ = {isa = PBXFileReference; fileEncoding = 4; lastKnownFileType = sourcecode.c.h; path = BackRowExtras.h; sourceTree = "<group>"; };
		29536CB2141D7ADA0044B730 /* BRTopShelfView-ProductImage.h */ = {isa = PBXFileReference; fileEncoding = 4; lastKnownFileType = sourcecode.c.h; path = "BRTopShelfView-ProductImage.h"; sourceTree = "<group>"; };
		29536CB3141D7ADA0044B730 /* BRTopShelfView-ProductImage.m */ = {isa = PBXFileReference; fileEncoding = 4; lastKnownFileType = sourcecode.c.objc; path = "BRTopShelfView-ProductImage.m"; sourceTree = "<group>"; };
		29536CB6141D7ADA0044B730 /* TopShelfController.h */ = {isa = PBXFileReference; fileEncoding = 4; lastKnownFileType = sourcecode.c.h; path = TopShelfController.h; sourceTree = "<group>"; };
		29536CB7141D7ADA0044B730 /* TopShelfController.m */ = {isa = PBXFileReference; fileEncoding = 4; lastKnownFileType = sourcecode.c.objc; path = TopShelfController.m; sourceTree = "<group>"; };
		29536CBF141D7CF20044B730 /* CoreGraphics.framework */ = {isa = PBXFileReference; lastKnownFileType = wrapper.framework; name = CoreGraphics.framework; path = Platforms/iPhoneOS.platform/Developer/SDKs/iPhoneOS4.3.sdk/System/Library/Frameworks/CoreGraphics.framework; sourceTree = DEVELOPER_DIR; };
		29536CC1141D7CFC0044B730 /* Foundation.framework */ = {isa = PBXFileReference; lastKnownFileType = wrapper.framework; name = Foundation.framework; path = Platforms/iPhoneOS.platform/Developer/SDKs/iPhoneOS4.3.sdk/System/Library/Frameworks/Foundation.framework; sourceTree = DEVELOPER_DIR; };
		29536CC3141D7D0E0044B730 /* OpenGLES.framework */ = {isa = PBXFileReference; lastKnownFileType = wrapper.framework; name = OpenGLES.framework; path = Platforms/iPhoneOS.platform/Developer/SDKs/iPhoneOS4.3.sdk/System/Library/Frameworks/OpenGLES.framework; sourceTree = DEVELOPER_DIR; };
		29536CC4141D7D0E0044B730 /* QuartzCore.framework */ = {isa = PBXFileReference; lastKnownFileType = wrapper.framework; name = QuartzCore.framework; path = Platforms/iPhoneOS.platform/Developer/SDKs/iPhoneOS4.3.sdk/System/Library/Frameworks/QuartzCore.framework; sourceTree = DEVELOPER_DIR; };
		29536CCA141D7D610044B730 /* en */ = {isa = PBXFileReference; lastKnownFileType = text.plist.strings; name = en; path = en.lproj/InfoPlist.strings; sourceTree = "<group>"; };
		29AFDC86141FEE5600770D4B /* template.fsh */ = {isa = PBXFileReference; fileEncoding = 4; lastKnownFileType = sourcecode.glsl; path = template.fsh; sourceTree = "<group>"; };
		29AFDC87141FEE5600770D4B /* template.vsh */ = {isa = PBXFileReference; fileEncoding = 4; lastKnownFileType = sourcecode.glsl; path = template.vsh; sourceTree = "<group>"; };
		5C25493B15934268000AE5CF /* eyetv.png */ = {isa = PBXFileReference; lastKnownFileType = image.png; path = eyetv.png; sourceTree = "<group>"; };
		5CA5B20C15907B9200174E74 /* EyeTvMenu.h */ = {isa = PBXFileReference; fileEncoding = 4; lastKnownFileType = sourcecode.c.h; path = EyeTvMenu.h; sourceTree = "<group>"; };
		5CA5B20D15907B9200174E74 /* EyeTvMenu.m */ = {isa = PBXFileReference; fileEncoding = 4; lastKnownFileType = sourcecode.c.objc; path = EyeTvMenu.m; sourceTree = "<group>"; };
		5CA5B20E15907B9200174E74 /* EyeTvVideoAsset.h */ = {isa = PBXFileReference; fileEncoding = 4; lastKnownFileType = sourcecode.c.h; path = EyeTvVideoAsset.h; sourceTree = "<group>"; };
		5CA5B20F15907B9200174E74 /* EyeTvVideoAsset.m */ = {isa = PBXFileReference; fileEncoding = 4; lastKnownFileType = sourcecode.c.objc; path = EyeTvVideoAsset.m; sourceTree = "<group>"; };
		5CA5B21B1590953900174E74 /* SBJson.xcodeproj */ = {isa = PBXFileReference; lastKnownFileType = "wrapper.pb-project"; name = SBJson.xcodeproj; path = ../sbjson/SBJson.xcodeproj; sourceTree = "<group>"; };
/* End PBXFileReference section */

/* Begin PBXFrameworksBuildPhase section */
		29536C9E141D79860044B730 /* Frameworks */ = {
			isa = PBXFrameworksBuildPhase;
			buildActionMask = 2147483647;
			files = (
				5CA5B238159095D300174E74 /* libsbjson-ios.a in Frameworks */,
				29536CC5141D7D0E0044B730 /* OpenGLES.framework in Frameworks */,
				29536CC6141D7D0E0044B730 /* QuartzCore.framework in Frameworks */,
				29536CC2141D7CFC0044B730 /* Foundation.framework in Frameworks */,
				29536CC0141D7CF20044B730 /* CoreGraphics.framework in Frameworks */,
			);
			runOnlyForDeploymentPostprocessing = 0;
		};
/* End PBXFrameworksBuildPhase section */

/* Begin PBXGroup section */
		29536CA3141D79860044B730 /* eyetv4atv */ = {
			isa = PBXGroup;
			children = (
				29536CAD141D7ADA0044B730 /* Classes */,
				29536CA4141D79860044B730 /* Supporting Files */,
			);
			path = eyetv4atv;
			sourceTree = "<group>";
		};
		29536CA4141D79860044B730 /* Supporting Files */ = {
			isa = PBXGroup;
			children = (
				29536CC7141D7D610044B730 /* Resources */,
				29536CA9141D79860044B730 /* eyetv4atv-Prefix.pch */,
			);
			name = "Supporting Files";
			sourceTree = "<group>";
		};
		29536CAD141D7ADA0044B730 /* Classes */ = {
			isa = PBXGroup;
			children = (
				29536CAE141D7ADA0044B730 /* ApplianceConfig.h */,
				5CA5B20C15907B9200174E74 /* EyeTvMenu.h */,
				5CA5B20D15907B9200174E74 /* EyeTvMenu.m */,
				5CA5B20E15907B9200174E74 /* EyeTvVideoAsset.h */,
				5CA5B20F15907B9200174E74 /* EyeTvVideoAsset.m */,
				29536CAF141D7ADA0044B730 /* EyeTVAppliance.h */,
				29536CB0141D7ADA0044B730 /* EyeTVAppliance.mm */,
				29536CB1141D7ADA0044B730 /* BackRowExtras.h */,
				29536CB2141D7ADA0044B730 /* BRTopShelfView-ProductImage.h */,
				29536CB3141D7ADA0044B730 /* BRTopShelfView-ProductImage.m */,
				29536CB6141D7ADA0044B730 /* TopShelfController.h */,
				29536CB7141D7ADA0044B730 /* TopShelfController.m */,
			);
			path = Classes;
			sourceTree = "<group>";
		};
		29536CC7141D7D610044B730 /* Resources */ = {
			isa = PBXGroup;
			children = (
				5C25493B15934268000AE5CF /* eyetv.png */,
				29028C7B141DA49C002053B3 /* Info.plist */,
				29536CC9141D7D610044B730 /* InfoPlist.strings */,
				29AFDC86141FEE5600770D4B /* template.fsh */,
				29AFDC87141FEE5600770D4B /* template.vsh */,
			);
			path = Resources;
			sourceTree = "<group>";
		};
		29F21F7E141D7185008E187C = {
			isa = PBXGroup;
			children = (
				5CA5B21B1590953900174E74 /* SBJson.xcodeproj */,
				29536CA3141D79860044B730 /* eyetv4atv */,
				29F21F8E141D71B8008E187C /* Frameworks */,
				29F21F8C141D71B8008E187C /* Products */,
			);
			sourceTree = "<group>";
		};
		29F21F8C141D71B8008E187C /* Products */ = {
			isa = PBXGroup;
			children = (
				29536CA1141D79860044B730 /* eyetv4atv.frappliance */,
			);
			name = Products;
			sourceTree = "<group>";
		};
		29F21F8E141D71B8008E187C /* Frameworks */ = {
			isa = PBXGroup;
			children = (
				29536CC3141D7D0E0044B730 /* OpenGLES.framework */,
				29536CC4141D7D0E0044B730 /* QuartzCore.framework */,
				29536CC1141D7CFC0044B730 /* Foundation.framework */,
				29536CBF141D7CF20044B730 /* CoreGraphics.framework */,
			);
			name = Frameworks;
			sourceTree = "<group>";
		};
		5CA5B21C1590953900174E74 /* Products */ = {
			isa = PBXGroup;
			children = (
				5CA5B2231590953900174E74 /* SBJson.framework */,
				5CA5B2251590953900174E74 /* SBJsonTests.octest */,
				5CA5B2271590953900174E74 /* libsbjson-ios.a */,
				5CA5B2291590953900174E74 /* sbjson-iosTests.octest */,
			);
			name = Products;
			sourceTree = "<group>";
		};
/* End PBXGroup section */

/* Begin PBXNativeTarget section */
		29536CA0141D79860044B730 /* eyetv4atv */ = {
			isa = PBXNativeTarget;
			buildConfigurationList = 29536CAA141D79860044B730 /* Build configuration list for PBXNativeTarget "eyetv4atv" */;
			buildPhases = (
				29536C9D141D79860044B730 /* Sources */,
				29536C9E141D79860044B730 /* Frameworks */,
				29536C9F141D79860044B730 /* Resources */,
				29536CDC141D87840044B730 /* Install AppleTV Appliance */,
			);
			buildRules = (
			);
			dependencies = (
				5CA5B237159095B000174E74 /* PBXTargetDependency */,
			);
			name = eyetv4atv;
			productName = eyetv4atv;
			productReference = 29536CA1141D79860044B730 /* eyetv4atv.frappliance */;
			productType = "com.apple.product-type.bundle";
		};
/* End PBXNativeTarget section */

/* Begin PBXProject section */
		29F21F80141D7185008E187C /* Project object */ = {
			isa = PBXProject;
			attributes = {
				ORGANIZATIONNAME = "Wayin Inc.";
			};
			buildConfigurationList = 29F21F83141D7185008E187C /* Build configuration list for PBXProject "eyetv4atv" */;
			compatibilityVersion = "Xcode 3.2";
			developmentRegion = English;
			hasScannedForEncodings = 0;
			knownRegions = (
				en,
			);
			mainGroup = 29F21F7E141D7185008E187C;
			productRefGroup = 29F21F8C141D71B8008E187C /* Products */;
			projectDirPath = "";
			projectReferences = (
				{
					ProductGroup = 5CA5B21C1590953900174E74 /* Products */;
					ProjectRef = 5CA5B21B1590953900174E74 /* SBJson.xcodeproj */;
				},
			);
			projectRoot = "";
			targets = (
				29536CA0141D79860044B730 /* eyetv4atv */,
			);
		};
/* End PBXProject section */

/* Begin PBXReferenceProxy section */
		5CA5B2231590953900174E74 /* SBJson.framework */ = {
			isa = PBXReferenceProxy;
			fileType = wrapper.framework;
			path = SBJson.framework;
			remoteRef = 5CA5B2221590953900174E74 /* PBXContainerItemProxy */;
			sourceTree = BUILT_PRODUCTS_DIR;
		};
		5CA5B2251590953900174E74 /* SBJsonTests.octest */ = {
			isa = PBXReferenceProxy;
			fileType = wrapper.cfbundle;
			path = SBJsonTests.octest;
			remoteRef = 5CA5B2241590953900174E74 /* PBXContainerItemProxy */;
			sourceTree = BUILT_PRODUCTS_DIR;
		};
		5CA5B2271590953900174E74 /* libsbjson-ios.a */ = {
			isa = PBXReferenceProxy;
			fileType = archive.ar;
			path = "libsbjson-ios.a";
			remoteRef = 5CA5B2261590953900174E74 /* PBXContainerItemProxy */;
			sourceTree = BUILT_PRODUCTS_DIR;
		};
		5CA5B2291590953900174E74 /* sbjson-iosTests.octest */ = {
			isa = PBXReferenceProxy;
			fileType = wrapper.cfbundle;
			path = "sbjson-iosTests.octest";
			remoteRef = 5CA5B2281590953900174E74 /* PBXContainerItemProxy */;
			sourceTree = BUILT_PRODUCTS_DIR;
		};
/* End PBXReferenceProxy section */

/* Begin PBXResourcesBuildPhase section */
		29536C9F141D79860044B730 /* Resources */ = {
			isa = PBXResourcesBuildPhase;
			buildActionMask = 2147483647;
			files = (
				29AFDC8A141FEFE400770D4B /* template.fsh in Resources */,
				29AFDC8B141FEFE400770D4B /* template.vsh in Resources */,
				29536CCC141D7D610044B730 /* InfoPlist.strings in Resources */,
				29028C7C141DA49C002053B3 /* Info.plist in Resources */,
				5C25493C15934268000AE5CF /* eyetv.png in Resources */,
			);
			runOnlyForDeploymentPostprocessing = 0;
		};
/* End PBXResourcesBuildPhase section */

/* Begin PBXShellScriptBuildPhase section */
		29536CDC141D87840044B730 /* Install AppleTV Appliance */ = {
			isa = PBXShellScriptBuildPhase;
			buildActionMask = 12;
			files = (
			);
			inputPaths = (
			);
			name = "Install AppleTV Appliance";
			outputPaths = (
			);
			runOnlyForDeploymentPostprocessing = 0;
			shellPath = /bin/sh;
			shellScript = "cd ${CONFIGURATION_BUILD_DIR}\ntar -cvzf ${EXECUTABLE_FOLDER_PATH}.tar.gz ${EXECUTABLE_FOLDER_PATH}\n\nmv ${EXECUTABLE_FOLDER_PATH}.tar.gz ${PROJECT_DIR}/${EXECUTABLE_FOLDER_PATH}.tar.gz\n\ncd ${PROJECT_DIR}\n\nscp ${EXECUTABLE_FOLDER_PATH}.tar.gz \"${ATV_SSH_USER}@${ATV_ADDRESS}:${ATV_APPLIANCE_INSTALL_PATH}/${EXECUTABLE_FOLDER_PATH}.tar.gz\"\n\nssh ${ATV_SSH_USER}@${ATV_ADDRESS} \"cd ${ATV_APPLIANCE_INSTALL_PATH}; tar -xvzf ${ATV_APPLIANCE_INSTALL_PATH}/${EXECUTABLE_FOLDER_PATH}.tar.gz\"\n\n#ssh ${ATV_SSH_USER}@${ATV_ADDRESS} \"rm -f  ${ATV_APPLIANCE_INSTALL_PATH}/${EXECUTABLE_FOLDER_PATH}.tar.gz\"\n\n# Reboot to complete the installation\nssh ${ATV_SSH_USER}@${ATV_ADDRESS} killall -9 AppleTV ";
		};
/* End PBXShellScriptBuildPhase section */

/* Begin PBXSourcesBuildPhase section */
		29536C9D141D79860044B730 /* Sources */ = {
			isa = PBXSourcesBuildPhase;
			buildActionMask = 2147483647;
			files = (
				29536CB8141D7ADA0044B730 /* EyeTVAppliance.mm in Sources */,
				29536CB9141D7ADA0044B730 /* BRTopShelfView-ProductImage.m in Sources */,
				29536CBB141D7ADA0044B730 /* TopShelfController.m in Sources */,
				5CA5B21215907B9300174E74 /* EyeTvMenu.m in Sources */,
				5CA5B21315907B9300174E74 /* EyeTvVideoAsset.m in Sources */,
			);
			runOnlyForDeploymentPostprocessing = 0;
		};
/* End PBXSourcesBuildPhase section */

/* Begin PBXTargetDependency section */
		5CA5B237159095B000174E74 /* PBXTargetDependency */ = {
			isa = PBXTargetDependency;
			name = "sbjson-ios";
			targetProxy = 5CA5B236159095B000174E74 /* PBXContainerItemProxy */;
		};
/* End PBXTargetDependency section */

/* Begin PBXVariantGroup section */
		29536CC9141D7D610044B730 /* InfoPlist.strings */ = {
			isa = PBXVariantGroup;
			children = (
				29536CCA141D7D610044B730 /* en */,
			);
			name = InfoPlist.strings;
			sourceTree = "<group>";
		};
/* End PBXVariantGroup section */

/* Begin XCBuildConfiguration section */
		29536CAB141D79860044B730 /* Debug */ = {
			isa = XCBuildConfiguration;
			buildSettings = {
				ALWAYS_SEARCH_USER_PATHS = NO;
				ARCHS = "$(ARCHS_STANDARD_32_BIT)";
				ATV_ADDRESS = "apple-tv.local";
				ATV_APPLIANCE_INSTALL_PATH = /Applications/AppleTV.app/Appliances;
				ATV_SSH_USER = root;
				CODE_SIGN_IDENTITY = "iPhone Developer: Michael Gile (3F477J4659)";
				COPY_PHASE_STRIP = NO;
				GCC_C_LANGUAGE_STANDARD = gnu99;
				GCC_DYNAMIC_NO_PIC = NO;
				GCC_ENABLE_FLOATING_POINT_LIBRARY_CALLS = NO;
				GCC_ENABLE_OBJC_EXCEPTIONS = YES;
				GCC_INPUT_FILETYPE = sourcecode.cpp.objcpp;
				GCC_OPTIMIZATION_LEVEL = 0;
				GCC_PRECOMPILE_PREFIX_HEADER = YES;
				GCC_PREFIX_HEADER = "eyetv4atv/eyetv4atv-Prefix.pch";
				GCC_PREPROCESSOR_DEFINITIONS = (
					"DEBUG=1",
					"$(inherited)",
				);
				GCC_SYMBOLS_PRIVATE_EXTERN = NO;
				GCC_VERSION = com.apple.compilers.llvmgcc42;
				GCC_WARN_64_TO_32_BIT_CONVERSION = NO;
				GCC_WARN_ABOUT_MISSING_PROTOTYPES = YES;
				GCC_WARN_ABOUT_RETURN_TYPE = YES;
				GCC_WARN_UNUSED_VARIABLE = YES;
				HEADER_SEARCH_PATHS = "include/**";
				INFOPLIST_FILE = eyetv4atv/Resources/Info.plist;
				INSTALL_PATH = "$(LOCAL_LIBRARY_DIR)/Bundles";
				IPHONEOS_DEPLOYMENT_TARGET = 4.0;
				LINK_WITH_STANDARD_LIBRARIES = NO;
				MACOSX_DEPLOYMENT_TARGET = "";
				ONLY_ACTIVE_ARCH = YES;
				OTHER_LDFLAGS = (
					"-undefined",
					dynamic_lookup,
				);
				PRODUCT_NAME = "$(TARGET_NAME)";
				PROVISIONING_PROFILE = "C9712642-CB64-4CBE-9D06-D192D8074D9D";
				SDKROOT = iphoneos;
				SUPPORTED_PLATFORMS = iphoneos;
				WRAPPER_EXTENSION = frappliance;
			};
			name = Debug;
		};
		29536CAC141D79860044B730 /* Release */ = {
			isa = XCBuildConfiguration;
			buildSettings = {
				ALWAYS_SEARCH_USER_PATHS = NO;
				ARCHS = "$(ARCHS_STANDARD_32_BIT)";
				ATV_ADDRESS = "apple-tv.local";
				ATV_APPLIANCE_INSTALL_PATH = /Applications/AppleTV.app/Appliances;
				ATV_SSH_USER = root;
				CODE_SIGN_IDENTITY = "iPhone Developer: Michael Gile (3F477J4659)";
				COPY_PHASE_STRIP = YES;
				DEBUG_INFORMATION_FORMAT = "dwarf-with-dsym";
				GCC_C_LANGUAGE_STANDARD = gnu99;
				GCC_ENABLE_FLOATING_POINT_LIBRARY_CALLS = NO;
				GCC_ENABLE_OBJC_EXCEPTIONS = YES;
				GCC_INPUT_FILETYPE = sourcecode.cpp.objcpp;
				GCC_PRECOMPILE_PREFIX_HEADER = YES;
				GCC_PREFIX_HEADER = "eyetv4atv/eyetv4atv-Prefix.pch";
				GCC_SYMBOLS_PRIVATE_EXTERN = NO;
				GCC_VERSION = com.apple.compilers.llvmgcc42;
				GCC_WARN_64_TO_32_BIT_CONVERSION = NO;
				GCC_WARN_ABOUT_MISSING_PROTOTYPES = YES;
				GCC_WARN_ABOUT_RETURN_TYPE = YES;
				GCC_WARN_UNUSED_VARIABLE = YES;
				HEADER_SEARCH_PATHS = "include/**";
				INFOPLIST_FILE = eyetv4atv/Resources/Info.plist;
				INSTALL_PATH = "$(LOCAL_LIBRARY_DIR)/Bundles";
				IPHONEOS_DEPLOYMENT_TARGET = 4.0;
				LINK_WITH_STANDARD_LIBRARIES = NO;
				MACOSX_DEPLOYMENT_TARGET = "";
				OTHER_LDFLAGS = (
					"-undefined",
					dynamic_lookup,
				);
				PRODUCT_NAME = "$(TARGET_NAME)";
				PROVISIONING_PROFILE = "C9712642-CB64-4CBE-9D06-D192D8074D9D";
				SDKROOT = iphoneos;
				SUPPORTED_PLATFORMS = iphoneos;
				WRAPPER_EXTENSION = frappliance;
			};
			name = Release;
		};
		29F21F85141D7185008E187C /* Debug */ = {
			isa = XCBuildConfiguration;
			buildSettings = {
				ARCHS = "$(ARCHS_STANDARD_32_BIT)";
				CODE_SIGN_IDENTITY = "iPhone Developer: Michael Gile (3F477J4659)";
				GCC_SYMBOLS_PRIVATE_EXTERN = YES;
				GCC_VERSION = 4.2;
				IPHONEOS_DEPLOYMENT_TARGET = 4.0;
				MACH_O_TYPE = mh_bundle;
				OTHER_LDFLAGS = (
					"-undefined",
					dynamic_lookup,
				);
				PROVISIONING_PROFILE = "C9712642-CB64-4CBE-9D06-D192D8074D9D";
				SDKROOT = iphoneos;
				SUPPORTED_PLATFORMS = iphoneos;
			};
			name = Debug;
		};
		29F21F86141D7185008E187C /* Release */ = {
			isa = XCBuildConfiguration;
			buildSettings = {
				ARCHS = "$(ARCHS_STANDARD_32_BIT)";
				CODE_SIGN_IDENTITY = "iPhone Developer: Michael Gile (3F477J4659)";
				GCC_SYMBOLS_PRIVATE_EXTERN = YES;
				GCC_VERSION = 4.2;
				IPHONEOS_DEPLOYMENT_TARGET = 4.0;
				MACH_O_TYPE = mh_bundle;
				OTHER_LDFLAGS = (
					"-undefined",
					dynamic_lookup,
				);
				PROVISIONING_PROFILE = "C9712642-CB64-4CBE-9D06-D192D8074D9D";
				SDKROOT = iphoneos;
				SUPPORTED_PLATFORMS = iphoneos;
			};
			name = Release;
		};
/* End XCBuildConfiguration section */

/* Begin XCConfigurationList section */
		29536CAA141D79860044B730 /* Build configuration list for PBXNativeTarget "eyetv4atv" */ = {
			isa = XCConfigurationList;
			buildConfigurations = (
				29536CAB141D79860044B730 /* Debug */,
				29536CAC141D79860044B730 /* Release */,
			);
			defaultConfigurationIsVisible = 0;
			defaultConfigurationName = Release;
		};
		29F21F83141D7185008E187C /* Build configuration list for PBXProject "eyetv4atv" */ = {
			isa = XCConfigurationList;
			buildConfigurations = (
				29F21F85141D7185008E187C /* Debug */,
				29F21F86141D7185008E187C /* Release */,
			);
			defaultConfigurationIsVisible = 0;
			defaultConfigurationName = Release;
		};
/* End XCConfigurationList section */
	};
	rootObject = 29F21F80141D7185008E187C /* Project object */;
}
